
Microsoft Visual Studio Solution File, Format Version 12.00
# Visual Studio Version 17
VisualStudioVersion = 17.8.34408.163
MinimumVisualStudioVersion = 10.0.40219.1
Project("{FAE04EC0-301F-11D3-BF4B-00C04F79EFBC}") = "AdministrarTiendaEnlinea", "AdministrarTiendaEnlinea\AdministrarTiendaEnlinea.csproj", "{BBFF9C2F-8DE3-445A-BAA2-763345738B96}"
EndProject
Global
	GlobalSection(SolutionConfigurationPlatforms) = preSolution
		Debug|Any CPU = Debug|Any CPU
		Release|Any CPU = Release|Any CPU
	EndGlobalSection
	GlobalSection(ProjectConfigurationPlatforms) = postSolution
		{BBFF9C2F-8DE3-445A-BAA2-763345738B96}.Debug|Any CPU.ActiveCfg = Debug|Any CPU
		{BBFF9C2F-8DE3-445A-BAA2-763345738B96}.Debug|Any CPU.Build.0 = Debug|Any CPU
		{BBFF9C2F-8DE3-445A-BAA2-763345738B96}.Release|Any CPU.ActiveCfg = Release|Any CPU
		{BBFF9C2F-8DE3-445A-BAA2-763345738B96}.Release|Any CPU.Build.0 = Release|Any CPU
	EndGlobalSection
	GlobalSection(SolutionProperties) = preSolution
		HideSolutionNode = FALSE
	EndGlobalSection
	GlobalSection(ExtensibilityGlobals) = postSolution
		SolutionGuid = {B70233E5-1428-470A-BC96-7D5AD4EC7917}
	EndGlobalSection
EndGlobal
